
Microsoft Visual Studio Solution File, Format Version 12.00
# Visual Studio 2013
VisualStudioVersion = 12.0.40629.0
MinimumVisualStudioVersion = 10.0.40219.1
Project("{FAE04EC0-301F-11D3-BF4B-00C04F79EFBC}") = "RotativaHQ.MVC5", "RotativaHQ.MVC5\RotativaHQ.MVC5.csproj", "{8E3A7B9A-048F-44CF-A127-43AE99BE0A9F}"
EndProject
Project("{FAE04EC0-301F-11D3-BF4B-00C04F79EFBC}") = "RotativaHQ.MVC4", "RotativaHQ.MVC4\RotativaHQ.MVC4.csproj", "{5242CE5F-C58D-4A36-A297-A5A3C0102E0E}"
EndProject
Project("{FAE04EC0-301F-11D3-BF4B-00C04F79EFBC}") = "RotativaHq.MVC5.DemoSite", "RotativaHq.MVC5.DemoSite\RotativaHq.MVC5.DemoSite.csproj", "{CEFE2694-CBBA-4D00-93DE-77C7BCE0AF2C}"
EndProject
Global
	GlobalSection(SolutionConfigurationPlatforms) = preSolution
		Debug|Any CPU = Debug|Any CPU
		Release|Any CPU = Release|Any CPU
	EndGlobalSection
	GlobalSection(ProjectConfigurationPlatforms) = postSolution
		{8E3A7B9A-048F-44CF-A127-43AE99BE0A9F}.Debug|Any CPU.ActiveCfg = Debug|Any CPU
		{8E3A7B9A-048F-44CF-A127-43AE99BE0A9F}.Debug|Any CPU.Build.0 = Debug|Any CPU
		{8E3A7B9A-048F-44CF-A127-43AE99BE0A9F}.Release|Any CPU.ActiveCfg = Release|Any CPU
		{8E3A7B9A-048F-44CF-A127-43AE99BE0A9F}.Release|Any CPU.Build.0 = Release|Any CPU
		{5242CE5F-C58D-4A36-A297-A5A3C0102E0E}.Debug|Any CPU.ActiveCfg = Debug|Any CPU
		{5242CE5F-C58D-4A36-A297-A5A3C0102E0E}.Debug|Any CPU.Build.0 = Debug|Any CPU
		{5242CE5F-C58D-4A36-A297-A5A3C0102E0E}.Release|Any CPU.ActiveCfg = Release|Any CPU
		{5242CE5F-C58D-4A36-A297-A5A3C0102E0E}.Release|Any CPU.Build.0 = Release|Any CPU
		{CEFE2694-CBBA-4D00-93DE-77C7BCE0AF2C}.Debug|Any CPU.ActiveCfg = Debug|Any CPU
		{CEFE2694-CBBA-4D00-93DE-77C7BCE0AF2C}.Debug|Any CPU.Build.0 = Debug|Any CPU
		{CEFE2694-CBBA-4D00-93DE-77C7BCE0AF2C}.Release|Any CPU.ActiveCfg = Release|Any CPU
		{CEFE2694-CBBA-4D00-93DE-77C7BCE0AF2C}.Release|Any CPU.Build.0 = Release|Any CPU
	EndGlobalSection
	GlobalSection(SolutionProperties) = preSolution
		HideSolutionNode = FALSE
	EndGlobalSection
EndGlobal
